github.com/gorilla/websocket v1.5.3 h1:saDtZ6Pbx/0u+bgYQ3q96pZgCzfhKXGPqt7kZ72aNNg=
github.com/gorilla/websocket v1.5.3/go.mod h1:YR8l580nyteQvAITg2hZ9XVh4b55+EU/adAjf1fMHhE=
github.com/mj41/s-w42-eu-raw v0.19.0 h1:1eQnw10hyF0zSytXWeKObqT1VUPv1kAXPo21uDXb5K8=
github.com/mj41/s-w42-eu-raw v0.19.0/go.mod h1:2ps9FXJX79lwrvPoSvwN5y7Jt+lUwUs0dPdxfcvJ3CM=
